
Microsoft Visual Studio Solution File, Format Version 12.00
# Visual Studio 2012
Project("{FAE04EC0-301F-11D3-BF4B-00C04F79EFBC}") = "More", "More\More.csproj", "{01E76529-2BB0-4DDE-855B-DD3CE9FFFD92}"
EndProject
Project("{FAE04EC0-301F-11D3-BF4B-00C04F79EFBC}") = "More.Tests", "More.Tests\More.Tests.csproj", "{89705877-B50A-49FC-8B45-92414B7B34B5}"
EndProject
Project("{2150E333-8FDC-42A3-9474-1A3956D46DE8}") = "Solution Items", "Solution Items", "{9698DDEA-EA4A-4122-875B-E8A65EBB053A}"
	ProjectSection(SolutionItems) = preProject
		..\README.md = ..\README.md
	EndProjectSection
EndProject
Global
	GlobalSection(SolutionConfigurationPlatforms) = preSolution
		Debug|Any CPU = Debug|Any CPU
		Release|Any CPU = Release|Any CPU
	EndGlobalSection
	GlobalSection(ProjectConfigurationPlatforms) = postSolution
		{01E76529-2BB0-4DDE-855B-DD3CE9FFFD92}.Debug|Any CPU.ActiveCfg = Debug|Any CPU
		{01E76529-2BB0-4DDE-855B-DD3CE9FFFD92}.Debug|Any CPU.Build.0 = Debug|Any CPU
		{01E76529-2BB0-4DDE-855B-DD3CE9FFFD92}.Release|Any CPU.ActiveCfg = Release|Any CPU
		{01E76529-2BB0-4DDE-855B-DD3CE9FFFD92}.Release|Any CPU.Build.0 = Release|Any CPU
		{89705877-B50A-49FC-8B45-92414B7B34B5}.Debug|Any CPU.ActiveCfg = Debug|Any CPU
		{89705877-B50A-49FC-8B45-92414B7B34B5}.Debug|Any CPU.Build.0 = Debug|Any CPU
		{89705877-B50A-49FC-8B45-92414B7B34B5}.Release|Any CPU.ActiveCfg = Release|Any CPU
		{89705877-B50A-49FC-8B45-92414B7B34B5}.Release|Any CPU.Build.0 = Release|Any CPU
	EndGlobalSection
	GlobalSection(SolutionProperties) = preSolution
		HideSolutionNode = FALSE
	EndGlobalSection
EndGlobal
